
Microsoft Visual Studio Solution File, Format Version 12.00
# Visual Studio Version 17
VisualStudioVersion = 17.0.31903.59
MinimumVisualStudioVersion = 10.0.40219.1
Project("{FAE04EC0-301F-11D3-BF4B-00C04F79EFBC}") = "Sistema.Compras.Aplication", "Sistema.Compras.Aplication\Sistema.Compras.Aplication.csproj", "{110CC798-61BF-4CCF-BAA9-F6CD6B026A5B}"
EndProject
Project("{FAE04EC0-301F-11D3-BF4B-00C04F79EFBC}") = "Sistema.Compras.Infra.Data", "Sistema.Compras.Infra.Data\Sistema.Compras.Infra.Data.csproj", "{353D1BE7-1F0A-4BB0-8FFB-DDF723308AFD}"
EndProject
Project("{FAE04EC0-301F-11D3-BF4B-00C04F79EFBC}") = "Sistema.Compras.Infra.IoC", "Sistema.Compras.Infra.IoC\Sistema.Compras.Infra.IoC.csproj", "{9C876380-F6C3-41A3-8106-EEAC1BE676D6}"
EndProject
Project("{FAE04EC0-301F-11D3-BF4B-00C04F79EFBC}") = "Sistema.Compras.Repository", "Sistema.Compras.Repository\Sistema.Compras.Repository.csproj", "{415CA7B7-5E65-4C0D-9CE8-33F270A3DD9E}"
EndProject
Project("{FAE04EC0-301F-11D3-BF4B-00C04F79EFBC}") = "Sistema.Compras.API", "Sistema.Compras.API\Sistema.Compras.API.csproj", "{8F3B18CC-C54F-4BDD-8928-1D7419C7C64C}"
EndProject
Global
	GlobalSection(SolutionConfigurationPlatforms) = preSolution
		Debug|Any CPU = Debug|Any CPU
		Release|Any CPU = Release|Any CPU
	EndGlobalSection
	GlobalSection(ProjectConfigurationPlatforms) = postSolution
		{110CC798-61BF-4CCF-BAA9-F6CD6B026A5B}.Debug|Any CPU.ActiveCfg = Debug|Any CPU
		{110CC798-61BF-4CCF-BAA9-F6CD6B026A5B}.Debug|Any CPU.Build.0 = Debug|Any CPU
		{110CC798-61BF-4CCF-BAA9-F6CD6B026A5B}.Release|Any CPU.ActiveCfg = Release|Any CPU
		{110CC798-61BF-4CCF-BAA9-F6CD6B026A5B}.Release|Any CPU.Build.0 = Release|Any CPU
		{353D1BE7-1F0A-4BB0-8FFB-DDF723308AFD}.Debug|Any CPU.ActiveCfg = Debug|Any CPU
		{353D1BE7-1F0A-4BB0-8FFB-DDF723308AFD}.Debug|Any CPU.Build.0 = Debug|Any CPU
		{353D1BE7-1F0A-4BB0-8FFB-DDF723308AFD}.Release|Any CPU.ActiveCfg = Release|Any CPU
		{353D1BE7-1F0A-4BB0-8FFB-DDF723308AFD}.Release|Any CPU.Build.0 = Release|Any CPU
		{9C876380-F6C3-41A3-8106-EEAC1BE676D6}.Debug|Any CPU.ActiveCfg = Debug|Any CPU
		{9C876380-F6C3-41A3-8106-EEAC1BE676D6}.Debug|Any CPU.Build.0 = Debug|Any CPU
		{9C876380-F6C3-41A3-8106-EEAC1BE676D6}.Release|Any CPU.ActiveCfg = Release|Any CPU
		{9C876380-F6C3-41A3-8106-EEAC1BE676D6}.Release|Any CPU.Build.0 = Release|Any CPU
		{415CA7B7-5E65-4C0D-9CE8-33F270A3DD9E}.Debug|Any CPU.ActiveCfg = Debug|Any CPU
		{415CA7B7-5E65-4C0D-9CE8-33F270A3DD9E}.Debug|Any CPU.Build.0 = Debug|Any CPU
		{415CA7B7-5E65-4C0D-9CE8-33F270A3DD9E}.Release|Any CPU.ActiveCfg = Release|Any CPU
		{415CA7B7-5E65-4C0D-9CE8-33F270A3DD9E}.Release|Any CPU.Build.0 = Release|Any CPU
		{8F3B18CC-C54F-4BDD-8928-1D7419C7C64C}.Debug|Any CPU.ActiveCfg = Debug|Any CPU
		{8F3B18CC-C54F-4BDD-8928-1D7419C7C64C}.Debug|Any CPU.Build.0 = Debug|Any CPU
		{8F3B18CC-C54F-4BDD-8928-1D7419C7C64C}.Release|Any CPU.ActiveCfg = Release|Any CPU
		{8F3B18CC-C54F-4BDD-8928-1D7419C7C64C}.Release|Any CPU.Build.0 = Release|Any CPU
	EndGlobalSection
	GlobalSection(SolutionProperties) = preSolution
		HideSolutionNode = FALSE
	EndGlobalSection
EndGlobal
